
Microsoft Visual Studio Solution File, Format Version 12.00
# Visual Studio Version 17
VisualStudioVersion = 17.6.33815.320
MinimumVisualStudioVersion = 10.0.40219.1
Project("{9A19103F-16F7-4668-BE54-9A1E7A4F7556}") = "SecondComplexManagement.RestApi", "SecondComplexManagement\SecondComplexManagement.RestApi.csproj", "{0C6ACEAA-AEE6-4D08-96B2-4FA63AFD56A7}"
EndProject
Project("{9A19103F-16F7-4668-BE54-9A1E7A4F7556}") = "SecondComplexManagement.Entities", "SecondComplexManagement.Entities\SecondComplexManagement.Entities.csproj", "{DCDDF709-2522-479E-8364-5C41AB506A33}"
EndProject
Project("{9A19103F-16F7-4668-BE54-9A1E7A4F7556}") = "SecondComplexManagement.Migrations", "SecondComplexManagement.Migrations\SecondComplexManagement.Migrations.csproj", "{C388D3EE-085B-407D-AA09-08511718335C}"
EndProject
Project("{9A19103F-16F7-4668-BE54-9A1E7A4F7556}") = "SecondComplexManagement.Services", "SecondComplexManagement.Services\SecondComplexManagement.Services.csproj", "{A6761515-D864-46DF-990B-46A59B37ED98}"
EndProject
Project("{9A19103F-16F7-4668-BE54-9A1E7A4F7556}") = "SecondComplexManagement.PersistanceEF", "SecondComplexManagement.PersistanceEF\SecondComplexManagement.PersistanceEF.csproj", "{96DDF783-308A-43B7-9C5E-299CAB7205C9}"
EndProject
Project("{2150E333-8FDC-42A3-9474-1A3956D46DE8}") = "test", "test", "{4026F19D-2C05-4A3A-8A3A-7146F8D2D69F}"
EndProject
Project("{FAE04EC0-301F-11D3-BF4B-00C04F79EFBC}") = "SecondComplexManagement.Services.Unit.Test", "test\SecondComplexManagement.Services.Unit.Test\SecondComplexManagement.Services.Unit.Test.csproj", "{FCD5DD25-9F97-4154-BA35-76B9179482E3}"
EndProject
Global
	GlobalSection(SolutionConfigurationPlatforms) = preSolution
		Debug|Any CPU = Debug|Any CPU
		Release|Any CPU = Release|Any CPU
	EndGlobalSection
	GlobalSection(ProjectConfigurationPlatforms) = postSolution
		{0C6ACEAA-AEE6-4D08-96B2-4FA63AFD56A7}.Debug|Any CPU.ActiveCfg = Debug|Any CPU
		{0C6ACEAA-AEE6-4D08-96B2-4FA63AFD56A7}.Debug|Any CPU.Build.0 = Debug|Any CPU
		{0C6ACEAA-AEE6-4D08-96B2-4FA63AFD56A7}.Release|Any CPU.ActiveCfg = Release|Any CPU
		{0C6ACEAA-AEE6-4D08-96B2-4FA63AFD56A7}.Release|Any CPU.Build.0 = Release|Any CPU
		{DCDDF709-2522-479E-8364-5C41AB506A33}.Debug|Any CPU.ActiveCfg = Debug|Any CPU
		{DCDDF709-2522-479E-8364-5C41AB506A33}.Debug|Any CPU.Build.0 = Debug|Any CPU
		{DCDDF709-2522-479E-8364-5C41AB506A33}.Release|Any CPU.ActiveCfg = Release|Any CPU
		{DCDDF709-2522-479E-8364-5C41AB506A33}.Release|Any CPU.Build.0 = Release|Any CPU
		{C388D3EE-085B-407D-AA09-08511718335C}.Debug|Any CPU.ActiveCfg = Debug|Any CPU
		{C388D3EE-085B-407D-AA09-08511718335C}.Debug|Any CPU.Build.0 = Debug|Any CPU
		{C388D3EE-085B-407D-AA09-08511718335C}.Release|Any CPU.ActiveCfg = Release|Any CPU
		{C388D3EE-085B-407D-AA09-08511718335C}.Release|Any CPU.Build.0 = Release|Any CPU
		{A6761515-D864-46DF-990B-46A59B37ED98}.Debug|Any CPU.ActiveCfg = Debug|Any CPU
		{A6761515-D864-46DF-990B-46A59B37ED98}.Debug|Any CPU.Build.0 = Debug|Any CPU
		{A6761515-D864-46DF-990B-46A59B37ED98}.Release|Any CPU.ActiveCfg = Release|Any CPU
		{A6761515-D864-46DF-990B-46A59B37ED98}.Release|Any CPU.Build.0 = Release|Any CPU
		{96DDF783-308A-43B7-9C5E-299CAB7205C9}.Debug|Any CPU.ActiveCfg = Debug|Any CPU
		{96DDF783-308A-43B7-9C5E-299CAB7205C9}.Debug|Any CPU.Build.0 = Debug|Any CPU
		{96DDF783-308A-43B7-9C5E-299CAB7205C9}.Release|Any CPU.ActiveCfg = Release|Any CPU
		{96DDF783-308A-43B7-9C5E-299CAB7205C9}.Release|Any CPU.Build.0 = Release|Any CPU
		{FCD5DD25-9F97-4154-BA35-76B9179482E3}.Debug|Any CPU.ActiveCfg = Debug|Any CPU
		{FCD5DD25-9F97-4154-BA35-76B9179482E3}.Debug|Any CPU.Build.0 = Debug|Any CPU
		{FCD5DD25-9F97-4154-BA35-76B9179482E3}.Release|Any CPU.ActiveCfg = Release|Any CPU
		{FCD5DD25-9F97-4154-BA35-76B9179482E3}.Release|Any CPU.Build.0 = Release|Any CPU
	EndGlobalSection
	GlobalSection(SolutionProperties) = preSolution
		HideSolutionNode = FALSE
	EndGlobalSection
	GlobalSection(NestedProjects) = preSolution
		{FCD5DD25-9F97-4154-BA35-76B9179482E3} = {4026F19D-2C05-4A3A-8A3A-7146F8D2D69F}
	EndGlobalSection
	GlobalSection(ExtensibilityGlobals) = postSolution
		SolutionGuid = {B7128AD4-ED30-4D64-9467-8D77049292FD}
	EndGlobalSection
EndGlobal
